
Microsoft Visual Studio Solution File, Format Version 12.00
# Visual Studio 15
VisualStudioVersion = 15.0.28307.1022
MinimumVisualStudioVersion = 10.0.40219.1
Project("{8BC9CEB8-8B4A-11D0-8D11-00A0C91BC942}") = "SanTang", "SanTang.vcxproj", "{FE066298-B6E6-4998-9DB4-6F6D74CC6D3A}"
EndProject
Global
	GlobalSection(SolutionConfigurationPlatforms) = preSolution
		Debug|x64 = Debug|x64
		Release|x64 = Release|x64
	EndGlobalSection
	GlobalSection(ProjectConfigurationPlatforms) = postSolution
		{FE066298-B6E6-4998-9DB4-6F6D74CC6D3A}.Debug|x64.ActiveCfg = Debug|x64
		{FE066298-B6E6-4998-9DB4-6F6D74CC6D3A}.Debug|x64.Build.0 = Debug|x64
		{FE066298-B6E6-4998-9DB4-6F6D74CC6D3A}.Release|x64.ActiveCfg = Release|x64
		{FE066298-B6E6-4998-9DB4-6F6D74CC6D3A}.Release|x64.Build.0 = Release|x64
	EndGlobalSection
	GlobalSection(SolutionProperties) = preSolution
		HideSolutionNode = FALSE
	EndGlobalSection
	GlobalSection(ExtensibilityGlobals) = postSolution
		SolutionGuid = {4C5EBFDF-A6D2-4A02-9DEE-87D68CA4FD84}
	EndGlobalSection
EndGlobal
